
Microsoft Visual Studio Solution File, Format Version 12.00
# Visual Studio Version 17
VisualStudioVersion = 17.10.35027.167
MinimumVisualStudioVersion = 10.0.40219.1
Project("{9A19103F-16F7-4668-BE54-9A1E7A4F7556}") = "SubstringSliceBench", "SubstringSliceBench.csproj", "{3B952F95-DE17-43C5-BF66-B526E35670A8}"
EndProject
Project("{2150E333-8FDC-42A3-9474-1A3956D46DE8}") = "Solution Items", "Solution Items", "{9FCF3E26-520F-4338-BC02-F4EC9068824C}"
	ProjectSection(SolutionItems) = preProject
		.editorconfig = .editorconfig
		.gitignore = .gitignore
		LICENSE = LICENSE
		README.md = README.md
	EndProjectSection
EndProject
Global
	GlobalSection(SolutionConfigurationPlatforms) = preSolution
		Debug|Any CPU = Debug|Any CPU
		Release|Any CPU = Release|Any CPU
	EndGlobalSection
	GlobalSection(ProjectConfigurationPlatforms) = postSolution
		{3B952F95-DE17-43C5-BF66-B526E35670A8}.Debug|Any CPU.ActiveCfg = Debug|Any CPU
		{3B952F95-DE17-43C5-BF66-B526E35670A8}.Debug|Any CPU.Build.0 = Debug|Any CPU
		{3B952F95-DE17-43C5-BF66-B526E35670A8}.Release|Any CPU.ActiveCfg = Release|Any CPU
		{3B952F95-DE17-43C5-BF66-B526E35670A8}.Release|Any CPU.Build.0 = Release|Any CPU
	EndGlobalSection
	GlobalSection(SolutionProperties) = preSolution
		HideSolutionNode = FALSE
	EndGlobalSection
	GlobalSection(ExtensibilityGlobals) = postSolution
		SolutionGuid = {87EB1235-7FF2-45E6-9A21-1951A6CE1581}
	EndGlobalSection
EndGlobal
